
Microsoft Visual Studio Solution File, Format Version 10.00
# Visual Studio 2008
Project("{8BC9CEB8-8B4A-11D0-8D11-00A0C91BC942}") = "CATCH", "CATCH\CATCH.vcproj", "{028BE2F2-F5BA-413C-9E48-7B13F8C4A134}"
EndProject
Project("{8BC9CEB8-8B4A-11D0-8D11-00A0C91BC942}") = "tlocDepVersion", "tlocDepVersion\tlocDepVersion.vcproj", "{0E7408E5-4048-40E3-BC17-75B35694F972}"
EndProject
Project("{2150E333-8FDC-42A3-9474-1A3956D46DE8}") = "Versioning", "Versioning", "{A9B38A33-285E-4C4D-B837-0D240263799C}"
EndProject
Project("{8BC9CEB8-8B4A-11D0-8D11-00A0C91BC942}") = "tlocDepVersionTool", "tlocDepVersionTool\tlocDepVersionTool.vcproj", "{75DEC615-27D5-4CBB-B694-064B94250F47}"
	ProjectSection(ProjectDependencies) = postProject
		{0E7408E5-4048-40E3-BC17-75B35694F972} = {0E7408E5-4048-40E3-BC17-75B35694F972}
	EndProjectSection
EndProject
Project("{8BC9CEB8-8B4A-11D0-8D11-00A0C91BC942}") = "WinSDK", "WinSDK\WinSDK.vcproj", "{658F32A0-EAAE-4CD5-810A-383A3345194D}"
EndProject
Project("{8BC9CEB8-8B4A-11D0-8D11-00A0C91BC942}") = "Box2D", "Box2D\Box2D.vcproj", "{384603A5-0B6C-42B4-BB60-B56FB3189C45}"
EndProject
Global
	GlobalSection(SolutionConfigurationPlatforms) = preSolution
		Debug_StdAlloc|Win32 = Debug_StdAlloc|Win32
		Debug_StdAlloc|x64 = Debug_StdAlloc|x64
		Debug|Win32 = Debug|Win32
		Debug|x64 = Debug|x64
		Release_DebugInfo_StdAlloc|Win32 = Release_DebugInfo_StdAlloc|Win32
		Release_DebugInfo_StdAlloc|x64 = Release_DebugInfo_StdAlloc|x64
		Release_DebugInfo|Win32 = Release_DebugInfo|Win32
		Release_DebugInfo|x64 = Release_DebugInfo|x64
		Release_StdAlloc|Win32 = Release_StdAlloc|Win32
		Release_StdAlloc|x64 = Release_StdAlloc|x64
		Release|Win32 = Release|Win32
		Release|x64 = Release|x64
	EndGlobalSection
	GlobalSection(ProjectConfigurationPlatforms) = postSolution
		{028BE2F2-F5BA-413C-9E48-7B13F8C4A134}.Debug_StdAlloc|Win32.ActiveCfg = Debug_StdAlloc|Win32
		{028BE2F2-F5BA-413C-9E48-7B13F8C4A134}.Debug_StdAlloc|Win32.Build.0 = Debug_StdAlloc|Win32
		{028BE2F2-F5BA-413C-9E48-7B13F8C4A134}.Debug_StdAlloc|x64.ActiveCfg = Debug_StdAlloc|x64
		{028BE2F2-F5BA-413C-9E48-7B13F8C4A134}.Debug_StdAlloc|x64.Build.0 = Debug_StdAlloc|x64
		{028BE2F2-F5BA-413C-9E48-7B13F8C4A134}.Debug|Win32.ActiveCfg = Debug|Win32
		{028BE2F2-F5BA-413C-9E48-7B13F8C4A134}.Debug|Win32.Build.0 = Debug|Win32
		{028BE2F2-F5BA-413C-9E48-7B13F8C4A134}.Debug|x64.ActiveCfg = Debug|Win32
		{028BE2F2-F5BA-413C-9E48-7B13F8C4A134}.Release_DebugInfo_StdAlloc|Win32.ActiveCfg = Release_DebugInfo_StdAlloc|Win32
		{028BE2F2-F5BA-413C-9E48-7B13F8C4A134}.Release_DebugInfo_StdAlloc|Win32.Build.0 = Release_DebugInfo_StdAlloc|Win32
		{028BE2F2-F5BA-413C-9E48-7B13F8C4A134}.Release_DebugInfo_StdAlloc|x64.ActiveCfg = Release_DebugInfo_StdAlloc|Win32
		{028BE2F2-F5BA-413C-9E48-7B13F8C4A134}.Release_DebugInfo|Win32.ActiveCfg = Release_DebugInfo|Win32
		{028BE2F2-F5BA-413C-9E48-7B13F8C4A134}.Release_DebugInfo|Win32.Build.0 = Release_DebugInfo|Win32
		{028BE2F2-F5BA-413C-9E48-7B13F8C4A134}.Release_DebugInfo|x64.ActiveCfg = Release_DebugInfo|Win32
		{028BE2F2-F5BA-413C-9E48-7B13F8C4A134}.Release_StdAlloc|Win32.ActiveCfg = Release_StdAlloc|Win32
		{028BE2F2-F5BA-413C-9E48-7B13F8C4A134}.Release_StdAlloc|Win32.Build.0 = Release_StdAlloc|Win32
		{028BE2F2-F5BA-413C-9E48-7B13F8C4A134}.Release_StdAlloc|x64.ActiveCfg = Release_StdAlloc|Win32
		{028BE2F2-F5BA-413C-9E48-7B13F8C4A134}.Release|Win32.ActiveCfg = Release|Win32
		{028BE2F2-F5BA-413C-9E48-7B13F8C4A134}.Release|Win32.Build.0 = Release|Win32
		{028BE2F2-F5BA-413C-9E48-7B13F8C4A134}.Release|x64.ActiveCfg = Release|Win32
		{0E7408E5-4048-40E3-BC17-75B35694F972}.Debug_StdAlloc|Win32.ActiveCfg = Debug_StdAlloc|Win32
		{0E7408E5-4048-40E3-BC17-75B35694F972}.Debug_StdAlloc|Win32.Build.0 = Debug_StdAlloc|Win32
		{0E7408E5-4048-40E3-BC17-75B35694F972}.Debug_StdAlloc|x64.ActiveCfg = Debug_StdAlloc|x64
		{0E7408E5-4048-40E3-BC17-75B35694F972}.Debug_StdAlloc|x64.Build.0 = Debug_StdAlloc|x64
		{0E7408E5-4048-40E3-BC17-75B35694F972}.Debug|Win32.ActiveCfg = Debug|Win32
		{0E7408E5-4048-40E3-BC17-75B35694F972}.Debug|Win32.Build.0 = Debug|Win32
		{0E7408E5-4048-40E3-BC17-75B35694F972}.Debug|x64.ActiveCfg = Debug|Win32
		{0E7408E5-4048-40E3-BC17-75B35694F972}.Release_DebugInfo_StdAlloc|Win32.ActiveCfg = Release_DebugInfo_StdAlloc|Win32
		{0E7408E5-4048-40E3-BC17-75B35694F972}.Release_DebugInfo_StdAlloc|Win32.Build.0 = Release_DebugInfo_StdAlloc|Win32
		{0E7408E5-4048-40E3-BC17-75B35694F972}.Release_DebugInfo_StdAlloc|x64.ActiveCfg = Release_DebugInfo_StdAlloc|Win32
		{0E7408E5-4048-40E3-BC17-75B35694F972}.Release_DebugInfo|Win32.ActiveCfg = Release_DebugInfo|Win32
		{0E7408E5-4048-40E3-BC17-75B35694F972}.Release_DebugInfo|Win32.Build.0 = Release_DebugInfo|Win32
		{0E7408E5-4048-40E3-BC17-75B35694F972}.Release_DebugInfo|x64.ActiveCfg = Release_DebugInfo|Win32
		{0E7408E5-4048-40E3-BC17-75B35694F972}.Release_StdAlloc|Win32.ActiveCfg = Release_StdAlloc|Win32
		{0E7408E5-4048-40E3-BC17-75B35694F972}.Release_StdAlloc|Win32.Build.0 = Release_StdAlloc|Win32
		{0E7408E5-4048-40E3-BC17-75B35694F972}.Release_StdAlloc|x64.ActiveCfg = Release_StdAlloc|Win32
		{0E7408E5-4048-40E3-BC17-75B35694F972}.Release|Win32.ActiveCfg = Release|Win32
		{0E7408E5-4048-40E3-BC17-75B35694F972}.Release|Win32.Build.0 = Release|Win32
		{0E7408E5-4048-40E3-BC17-75B35694F972}.Release|x64.ActiveCfg = Release|Win32
		{75DEC615-27D5-4CBB-B694-064B94250F47}.Debug_StdAlloc|Win32.ActiveCfg = Debug_StdAlloc|Win32
		{75DEC615-27D5-4CBB-B694-064B94250F47}.Debug_StdAlloc|Win32.Build.0 = Debug_StdAlloc|Win32
		{75DEC615-27D5-4CBB-B694-064B94250F47}.Debug_StdAlloc|x64.ActiveCfg = Debug_StdAlloc|x64
		{75DEC615-27D5-4CBB-B694-064B94250F47}.Debug_StdAlloc|x64.Build.0 = Debug_StdAlloc|x64
		{75DEC615-27D5-4CBB-B694-064B94250F47}.Debug|Win32.ActiveCfg = Debug|Win32
		{75DEC615-27D5-4CBB-B694-064B94250F47}.Debug|Win32.Build.0 = Debug|Win32
		{75DEC615-27D5-4CBB-B694-064B94250F47}.Debug|x64.ActiveCfg = Debug|Win32
		{75DEC615-27D5-4CBB-B694-064B94250F47}.Release_DebugInfo_StdAlloc|Win32.ActiveCfg = Release_DebugInfo_StdAlloc|Win32
		{75DEC615-27D5-4CBB-B694-064B94250F47}.Release_DebugInfo_StdAlloc|Win32.Build.0 = Release_DebugInfo_StdAlloc|Win32
		{75DEC615-27D5-4CBB-B694-064B94250F47}.Release_DebugInfo_StdAlloc|x64.ActiveCfg = Release_DebugInfo_StdAlloc|Win32
		{75DEC615-27D5-4CBB-B694-064B94250F47}.Release_DebugInfo|Win32.ActiveCfg = Release_DebugInfo|Win32
		{75DEC615-27D5-4CBB-B694-064B94250F47}.Release_DebugInfo|Win32.Build.0 = Release_DebugInfo|Win32
		{75DEC615-27D5-4CBB-B694-064B94250F47}.Release_DebugInfo|x64.ActiveCfg = Release_DebugInfo|Win32
		{75DEC615-27D5-4CBB-B694-064B94250F47}.Release_StdAlloc|Win32.ActiveCfg = Release_StdAlloc|Win32
		{75DEC615-27D5-4CBB-B694-064B94250F47}.Release_StdAlloc|Win32.Build.0 = Release_StdAlloc|Win32
		{75DEC615-27D5-4CBB-B694-064B94250F47}.Release_StdAlloc|x64.ActiveCfg = Release_StdAlloc|Win32
		{75DEC615-27D5-4CBB-B694-064B94250F47}.Release|Win32.ActiveCfg = Release|Win32
		{75DEC615-27D5-4CBB-B694-064B94250F47}.Release|Win32.Build.0 = Release|Win32
		{75DEC615-27D5-4CBB-B694-064B94250F47}.Release|x64.ActiveCfg = Release|Win32
		{658F32A0-EAAE-4CD5-810A-383A3345194D}.Debug_StdAlloc|Win32.ActiveCfg = Debug_StdAlloc|Win32
		{658F32A0-EAAE-4CD5-810A-383A3345194D}.Debug_StdAlloc|Win32.Build.0 = Debug_StdAlloc|Win32
		{658F32A0-EAAE-4CD5-810A-383A3345194D}.Debug_StdAlloc|x64.ActiveCfg = Debug_StdAlloc|x64
		{658F32A0-EAAE-4CD5-810A-383A3345194D}.Debug_StdAlloc|x64.Build.0 = Debug_StdAlloc|x64
		{658F32A0-EAAE-4CD5-810A-383A3345194D}.Debug|Win32.ActiveCfg = Debug|Win32
		{658F32A0-EAAE-4CD5-810A-383A3345194D}.Debug|Win32.Build.0 = Debug|Win32
		{658F32A0-EAAE-4CD5-810A-383A3345194D}.Debug|x64.ActiveCfg = Debug|Win32
		{658F32A0-EAAE-4CD5-810A-383A3345194D}.Release_DebugInfo_StdAlloc|Win32.ActiveCfg = Release_DebugInfo_StdAlloc|Win32
		{658F32A0-EAAE-4CD5-810A-383A3345194D}.Release_DebugInfo_StdAlloc|Win32.Build.0 = Release_DebugInfo_StdAlloc|Win32
		{658F32A0-EAAE-4CD5-810A-383A3345194D}.Release_DebugInfo_StdAlloc|x64.ActiveCfg = Release_DebugInfo_StdAlloc|Win32
		{658F32A0-EAAE-4CD5-810A-383A3345194D}.Release_DebugInfo|Win32.ActiveCfg = Release_DebugInfo|Win32
		{658F32A0-EAAE-4CD5-810A-383A3345194D}.Release_DebugInfo|Win32.Build.0 = Release_DebugInfo|Win32
		{658F32A0-EAAE-4CD5-810A-383A3345194D}.Release_DebugInfo|x64.ActiveCfg = Release_DebugInfo|Win32
		{658F32A0-EAAE-4CD5-810A-383A3345194D}.Release_StdAlloc|Win32.ActiveCfg = Release_StdAlloc|Win32
		{658F32A0-EAAE-4CD5-810A-383A3345194D}.Release_StdAlloc|Win32.Build.0 = Release_StdAlloc|Win32
		{658F32A0-EAAE-4CD5-810A-383A3345194D}.Release_StdAlloc|x64.ActiveCfg = Release_StdAlloc|Win32
		{658F32A0-EAAE-4CD5-810A-383A3345194D}.Release|Win32.ActiveCfg = Release|Win32
		{658F32A0-EAAE-4CD5-810A-383A3345194D}.Release|Win32.Build.0 = Release|Win32
		{658F32A0-EAAE-4CD5-810A-383A3345194D}.Release|x64.ActiveCfg = Release|Win32
		{384603A5-0B6C-42B4-BB60-B56FB3189C45}.Debug_StdAlloc|Win32.ActiveCfg = Debug|Win32
		{384603A5-0B6C-42B4-BB60-B56FB3189C45}.Debug_StdAlloc|Win32.Build.0 = Debug|Win32
		{384603A5-0B6C-42B4-BB60-B56FB3189C45}.Debug_StdAlloc|x64.ActiveCfg = Debug|x64
		{384603A5-0B6C-42B4-BB60-B56FB3189C45}.Debug_StdAlloc|x64.Build.0 = Debug|x64
		{384603A5-0B6C-42B4-BB60-B56FB3189C45}.Debug|Win32.ActiveCfg = Debug|Win32
		{384603A5-0B6C-42B4-BB60-B56FB3189C45}.Debug|Win32.Build.0 = Debug|Win32
		{384603A5-0B6C-42B4-BB60-B56FB3189C45}.Debug|x64.ActiveCfg = Debug|Win32
		{384603A5-0B6C-42B4-BB60-B56FB3189C45}.Release_DebugInfo_StdAlloc|Win32.ActiveCfg = Release|Win32
		{384603A5-0B6C-42B4-BB60-B56FB3189C45}.Release_DebugInfo_StdAlloc|Win32.Build.0 = Release|Win32
		{384603A5-0B6C-42B4-BB60-B56FB3189C45}.Release_DebugInfo_StdAlloc|x64.ActiveCfg = Release|Win32
		{384603A5-0B6C-42B4-BB60-B56FB3189C45}.Release_DebugInfo|Win32.ActiveCfg = Release|Win32
		{384603A5-0B6C-42B4-BB60-B56FB3189C45}.Release_DebugInfo|Win32.Build.0 = Release|Win32
		{384603A5-0B6C-42B4-BB60-B56FB3189C45}.Release_DebugInfo|x64.ActiveCfg = Release|Win32
		{384603A5-0B6C-42B4-BB60-B56FB3189C45}.Release_StdAlloc|Win32.ActiveCfg = Release|Win32
		{384603A5-0B6C-42B4-BB60-B56FB3189C45}.Release_StdAlloc|Win32.Build.0 = Release|Win32
		{384603A5-0B6C-42B4-BB60-B56FB3189C45}.Release_StdAlloc|x64.ActiveCfg = Release|Win32
		{384603A5-0B6C-42B4-BB60-B56FB3189C45}.Release|Win32.ActiveCfg = Release|Win32
		{384603A5-0B6C-42B4-BB60-B56FB3189C45}.Release|Win32.Build.0 = Release|Win32
		{384603A5-0B6C-42B4-BB60-B56FB3189C45}.Release|x64.ActiveCfg = Release|Win32
	EndGlobalSection
	GlobalSection(SolutionProperties) = preSolution
		HideSolutionNode = FALSE
	EndGlobalSection
	GlobalSection(NestedProjects) = preSolution
		{0E7408E5-4048-40E3-BC17-75B35694F972} = {A9B38A33-285E-4C4D-B837-0D240263799C}
		{75DEC615-27D5-4CBB-B694-064B94250F47} = {A9B38A33-285E-4C4D-B837-0D240263799C}
	EndGlobalSection
EndGlobal
