// !$*UTF8*$!
{
	archiveVersion = 1;
	classes = {
	};
	objectVersion = 46;
	objects = {

/* Begin PBXBuildFile section */
		973E25EF167D0D4000BB141A /* Foundation.framework in Frameworks */ = {isa = PBXBuildFile; fileRef = 973E25EE167D0D4000BB141A /* Foundation.framework */; };
		97DDD446167D599A00454B65 /* b2BlockAllocator.cpp in Sources */ = {isa = PBXBuildFile; fileRef = 97DDD419167D599A00454B65 /* b2BlockAllocator.cpp */; };
		97DDD447167D599A00454B65 /* b2Body.cpp in Sources */ = {isa = PBXBuildFile; fileRef = 97DDD41A167D599A00454B65 /* b2Body.cpp */; };
		97DDD448167D599A00454B65 /* b2BroadPhase.cpp in Sources */ = {isa = PBXBuildFile; fileRef = 97DDD41B167D599A00454B65 /* b2BroadPhase.cpp */; };
		97DDD449167D599A00454B65 /* b2ChainAndCircleContact.cpp in Sources */ = {isa = PBXBuildFile; fileRef = 97DDD41C167D599A00454B65 /* b2ChainAndCircleContact.cpp */; };
		97DDD44A167D599A00454B65 /* b2ChainAndPolygonContact.cpp in Sources */ = {isa = PBXBuildFile; fileRef = 97DDD41D167D599A00454B65 /* b2ChainAndPolygonContact.cpp */; };
		97DDD44B167D599A00454B65 /* b2ChainShape.cpp in Sources */ = {isa = PBXBuildFile; fileRef = 97DDD41E167D599A00454B65 /* b2ChainShape.cpp */; };
		97DDD44C167D599A00454B65 /* b2CircleContact.cpp in Sources */ = {isa = PBXBuildFile; fileRef = 97DDD41F167D599A00454B65 /* b2CircleContact.cpp */; };
		97DDD44D167D599A00454B65 /* b2CircleShape.cpp in Sources */ = {isa = PBXBuildFile; fileRef = 97DDD420167D599A00454B65 /* b2CircleShape.cpp */; };
		97DDD44E167D599A00454B65 /* b2CollideCircle.cpp in Sources */ = {isa = PBXBuildFile; fileRef = 97DDD421167D599A00454B65 /* b2CollideCircle.cpp */; };
		97DDD44F167D599A00454B65 /* b2CollideEdge.cpp in Sources */ = {isa = PBXBuildFile; fileRef = 97DDD422167D599A00454B65 /* b2CollideEdge.cpp */; };
		97DDD450167D599A00454B65 /* b2CollidePolygon.cpp in Sources */ = {isa = PBXBuildFile; fileRef = 97DDD423167D599A00454B65 /* b2CollidePolygon.cpp */; };
		97DDD451167D599A00454B65 /* b2Collision.cpp in Sources */ = {isa = PBXBuildFile; fileRef = 97DDD424167D599A00454B65 /* b2Collision.cpp */; };
		97DDD452167D599A00454B65 /* b2Contact.cpp in Sources */ = {isa = PBXBuildFile; fileRef = 97DDD425167D599A00454B65 /* b2Contact.cpp */; };
		97DDD453167D599A00454B65 /* b2ContactManager.cpp in Sources */ = {isa = PBXBuildFile; fileRef = 97DDD426167D599A00454B65 /* b2ContactManager.cpp */; };
		97DDD454167D599A00454B65 /* b2ContactSolver.cpp in Sources */ = {isa = PBXBuildFile; fileRef = 97DDD427167D599A00454B65 /* b2ContactSolver.cpp */; };
		97DDD455167D599A00454B65 /* b2Distance.cpp in Sources */ = {isa = PBXBuildFile; fileRef = 97DDD428167D599A00454B65 /* b2Distance.cpp */; };
		97DDD456167D599A00454B65 /* b2DistanceJoint.cpp in Sources */ = {isa = PBXBuildFile; fileRef = 97DDD429167D599A00454B65 /* b2DistanceJoint.cpp */; };
		97DDD457167D599A00454B65 /* b2Draw.cpp in Sources */ = {isa = PBXBuildFile; fileRef = 97DDD42A167D599A00454B65 /* b2Draw.cpp */; };
		97DDD458167D599A00454B65 /* b2DynamicTree.cpp in Sources */ = {isa = PBXBuildFile; fileRef = 97DDD42B167D599A00454B65 /* b2DynamicTree.cpp */; };
		97DDD459167D599A00454B65 /* b2EdgeAndCircleContact.cpp in Sources */ = {isa = PBXBuildFile; fileRef = 97DDD42C167D599A00454B65 /* b2EdgeAndCircleContact.cpp */; };
		97DDD45A167D599A00454B65 /* b2EdgeAndPolygonContact.cpp in Sources */ = {isa = PBXBuildFile; fileRef = 97DDD42D167D599A00454B65 /* b2EdgeAndPolygonContact.cpp */; };
		97DDD45B167D599A00454B65 /* b2EdgeShape.cpp in Sources */ = {isa = PBXBuildFile; fileRef = 97DDD42E167D599A00454B65 /* b2EdgeShape.cpp */; };
		97DDD45C167D599A00454B65 /* b2Fixture.cpp in Sources */ = {isa = PBXBuildFile; fileRef = 97DDD42F167D599A00454B65 /* b2Fixture.cpp */; };
		97DDD45D167D599A00454B65 /* b2FrictionJoint.cpp in Sources */ = {isa = PBXBuildFile; fileRef = 97DDD430167D599A00454B65 /* b2FrictionJoint.cpp */; };
		97DDD45E167D599A00454B65 /* b2GearJoint.cpp in Sources */ = {isa = PBXBuildFile; fileRef = 97DDD431167D599A00454B65 /* b2GearJoint.cpp */; };
		97DDD45F167D599A00454B65 /* b2Island.cpp in Sources */ = {isa = PBXBuildFile; fileRef = 97DDD432167D599A00454B65 /* b2Island.cpp */; };
		97DDD460167D599A00454B65 /* b2Joint.cpp in Sources */ = {isa = PBXBuildFile; fileRef = 97DDD433167D599A00454B65 /* b2Joint.cpp */; };
		97DDD461167D599A00454B65 /* b2Math.cpp in Sources */ = {isa = PBXBuildFile; fileRef = 97DDD434167D599A00454B65 /* b2Math.cpp */; };
		97DDD462167D599A00454B65 /* b2MouseJoint.cpp in Sources */ = {isa = PBXBuildFile; fileRef = 97DDD435167D599A00454B65 /* b2MouseJoint.cpp */; };
		97DDD463167D599A00454B65 /* b2PolygonAndCircleContact.cpp in Sources */ = {isa = PBXBuildFile; fileRef = 97DDD436167D599A00454B65 /* b2PolygonAndCircleContact.cpp */; };
		97DDD464167D599A00454B65 /* b2PolygonContact.cpp in Sources */ = {isa = PBXBuildFile; fileRef = 97DDD437167D599A00454B65 /* b2PolygonContact.cpp */; };
		97DDD465167D599A00454B65 /* b2PolygonShape.cpp in Sources */ = {isa = PBXBuildFile; fileRef = 97DDD438167D599A00454B65 /* b2PolygonShape.cpp */; };
		97DDD466167D599A00454B65 /* b2PrismaticJoint.cpp in Sources */ = {isa = PBXBuildFile; fileRef = 97DDD439167D599A00454B65 /* b2PrismaticJoint.cpp */; };
		97DDD467167D599A00454B65 /* b2PulleyJoint.cpp in Sources */ = {isa = PBXBuildFile; fileRef = 97DDD43A167D599A00454B65 /* b2PulleyJoint.cpp */; };
		97DDD468167D599A00454B65 /* b2RevoluteJoint.cpp in Sources */ = {isa = PBXBuildFile; fileRef = 97DDD43B167D599A00454B65 /* b2RevoluteJoint.cpp */; };
		97DDD469167D599A00454B65 /* b2Rope.cpp in Sources */ = {isa = PBXBuildFile; fileRef = 97DDD43C167D599A00454B65 /* b2Rope.cpp */; };
		97DDD46A167D599A00454B65 /* b2RopeJoint.cpp in Sources */ = {isa = PBXBuildFile; fileRef = 97DDD43D167D599A00454B65 /* b2RopeJoint.cpp */; };
		97DDD46B167D599A00454B65 /* b2Settings.cpp in Sources */ = {isa = PBXBuildFile; fileRef = 97DDD43E167D599A00454B65 /* b2Settings.cpp */; };
		97DDD46C167D599A00454B65 /* b2StackAllocator.cpp in Sources */ = {isa = PBXBuildFile; fileRef = 97DDD43F167D599A00454B65 /* b2StackAllocator.cpp */; };
		97DDD46D167D599A00454B65 /* b2TimeOfImpact.cpp in Sources */ = {isa = PBXBuildFile; fileRef = 97DDD440167D599A00454B65 /* b2TimeOfImpact.cpp */; };
		97DDD46E167D599A00454B65 /* b2Timer.cpp in Sources */ = {isa = PBXBuildFile; fileRef = 97DDD441167D599A00454B65 /* b2Timer.cpp */; };
		97DDD46F167D599A00454B65 /* b2WeldJoint.cpp in Sources */ = {isa = PBXBuildFile; fileRef = 97DDD442167D599A00454B65 /* b2WeldJoint.cpp */; };
		97DDD470167D599A00454B65 /* b2WheelJoint.cpp in Sources */ = {isa = PBXBuildFile; fileRef = 97DDD443167D599A00454B65 /* b2WheelJoint.cpp */; };
		97DDD471167D599A00454B65 /* b2World.cpp in Sources */ = {isa = PBXBuildFile; fileRef = 97DDD444167D599A00454B65 /* b2World.cpp */; };
		97DDD472167D599A00454B65 /* b2WorldCallbacks.cpp in Sources */ = {isa = PBXBuildFile; fileRef = 97DDD445167D599A00454B65 /* b2WorldCallbacks.cpp */; };
/* End PBXBuildFile section */

/* Begin PBXCopyFilesBuildPhase section */
		973E25E9167D0D4000BB141A /* CopyFiles */ = {
			isa = PBXCopyFilesBuildPhase;
			buildActionMask = 2147483647;
			dstPath = "$(TLOC_DEP_PATH)/include/Box2D";
			dstSubfolderSpec = 0;
			files = (
			);
			runOnlyForDeploymentPostprocessing = 0;
		};
/* End PBXCopyFilesBuildPhase section */

/* Begin PBXFileReference section */
		973E25EB167D0D4000BB141A /* Box2D_Debug.a */ = {isa = PBXFileReference; explicitFileType = archive.ar; includeInIndex = 0; path = Box2D_Debug.a; sourceTree = BUILT_PRODUCTS_DIR; };
		973E25EE167D0D4000BB141A /* Foundation.framework */ = {isa = PBXFileReference; lastKnownFileType = wrapper.framework; name = Foundation.framework; path = System/Library/Frameworks/Foundation.framework; sourceTree = SDKROOT; };
		973E275E167D58FA00BB141A /* b2BlockAllocator.h */ = {isa = PBXFileReference; fileEncoding = 4; lastKnownFileType = sourcecode.c.h; name = b2BlockAllocator.h; path = ../../../../../src/Box2D_v2.2.1/Box2D/Common/b2BlockAllocator.h; sourceTree = "<group>"; };
		973E275F167D58FA00BB141A /* b2Body.h */ = {isa = PBXFileReference; fileEncoding = 4; lastKnownFileType = sourcecode.c.h; name = b2Body.h; path = ../../../../../src/Box2D_v2.2.1/Box2D/Dynamics/b2Body.h; sourceTree = "<group>"; };
		973E2760167D58FA00BB141A /* b2BroadPhase.h */ = {isa = PBXFileReference; fileEncoding = 4; lastKnownFileType = sourcecode.c.h; name = b2BroadPhase.h; path = ../../../../../src/Box2D_v2.2.1/Box2D/Collision/b2BroadPhase.h; sourceTree = "<group>"; };
		973E2761167D58FA00BB141A /* b2ChainAndCircleContact.h */ = {isa = PBXFileReference; fileEncoding = 4; lastKnownFileType = sourcecode.c.h; name = b2ChainAndCircleContact.h; path = ../../../../../src/Box2D_v2.2.1/Box2D/Dynamics/Contacts/b2ChainAndCircleContact.h; sourceTree = "<group>"; };
		973E2762167D58FA00BB141A /* b2ChainAndPolygonContact.h */ = {isa = PBXFileReference; fileEncoding = 4; lastKnownFileType = sourcecode.c.h; name = b2ChainAndPolygonContact.h; path = ../../../../../src/Box2D_v2.2.1/Box2D/Dynamics/Contacts/b2ChainAndPolygonContact.h; sourceTree = "<group>"; };
		973E2763167D58FA00BB141A /* b2ChainShape.h */ = {isa = PBXFileReference; fileEncoding = 4; lastKnownFileType = sourcecode.c.h; name = b2ChainShape.h; path = ../../../../../src/Box2D_v2.2.1/Box2D/Collision/Shapes/b2ChainShape.h; sourceTree = "<group>"; };
		973E2764167D58FA00BB141A /* b2CircleContact.h */ = {isa = PBXFileReference; fileEncoding = 4; lastKnownFileType = sourcecode.c.h; name = b2CircleContact.h; path = ../../../../../src/Box2D_v2.2.1/Box2D/Dynamics/Contacts/b2CircleContact.h; sourceTree = "<group>"; };
		973E2765167D58FA00BB141A /* b2CircleShape.h */ = {isa = PBXFileReference; fileEncoding = 4; lastKnownFileType = sourcecode.c.h; name = b2CircleShape.h; path = ../../../../../src/Box2D_v2.2.1/Box2D/Collision/Shapes/b2CircleShape.h; sourceTree = "<group>"; };
		973E2766167D58FA00BB141A /* b2Collision.h */ = {isa = PBXFileReference; fileEncoding = 4; lastKnownFileType = sourcecode.c.h; name = b2Collision.h; path = ../../../../../src/Box2D_v2.2.1/Box2D/Collision/b2Collision.h; sourceTree = "<group>"; };
		973E2767167D58FA00BB141A /* b2Contact.h */ = {isa = PBXFileReference; fileEncoding = 4; lastKnownFileType = sourcecode.c.h; name = b2Contact.h; path = ../../../../../src/Box2D_v2.2.1/Box2D/Dynamics/Contacts/b2Contact.h; sourceTree = "<group>"; };
		973E2768167D58FA00BB141A /* b2ContactManager.h */ = {isa = PBXFileReference; fileEncoding = 4; lastKnownFileType = sourcecode.c.h; name = b2ContactManager.h; path = ../../../../../src/Box2D_v2.2.1/Box2D/Dynamics/b2ContactManager.h; sourceTree = "<group>"; };
		973E2769167D58FA00BB141A /* b2ContactSolver.h */ = {isa = PBXFileReference; fileEncoding = 4; lastKnownFileType = sourcecode.c.h; name = b2ContactSolver.h; path = ../../../../../src/Box2D_v2.2.1/Box2D/Dynamics/Contacts/b2ContactSolver.h; sourceTree = "<group>"; };
		973E276A167D58FA00BB141A /* b2Distance.h */ = {isa = PBXFileReference; fileEncoding = 4; lastKnownFileType = sourcecode.c.h; name = b2Distance.h; path = ../../../../../src/Box2D_v2.2.1/Box2D/Collision/b2Distance.h; sourceTree = "<group>"; };
		973E276B167D58FA00BB141A /* b2DistanceJoint.h */ = {isa = PBXFileReference; fileEncoding = 4; lastKnownFileType = sourcecode.c.h; name = b2DistanceJoint.h; path = ../../../../../src/Box2D_v2.2.1/Box2D/Dynamics/Joints/b2DistanceJoint.h; sourceTree = "<group>"; };
		973E276C167D58FA00BB141A /* b2Draw.h */ = {isa = PBXFileReference; fileEncoding = 4; lastKnownFileType = sourcecode.c.h; name = b2Draw.h; path = ../../../../../src/Box2D_v2.2.1/Box2D/Common/b2Draw.h; sourceTree = "<group>"; };
		973E276D167D58FA00BB141A /* b2DynamicTree.h */ = {isa = PBXFileReference; fileEncoding = 4; lastKnownFileType = sourcecode.c.h; name = b2DynamicTree.h; path = ../../../../../src/Box2D_v2.2.1/Box2D/Collision/b2DynamicTree.h; sourceTree = "<group>"; };
		973E276E167D58FA00BB141A /* b2EdgeAndCircleContact.h */ = {isa = PBXFileReference; fileEncoding = 4; lastKnownFileType = sourcecode.c.h; name = b2EdgeAndCircleContact.h; path = ../../../../../src/Box2D_v2.2.1/Box2D/Dynamics/Contacts/b2EdgeAndCircleContact.h; sourceTree = "<group>"; };
		973E276F167D58FA00BB141A /* b2EdgeAndPolygonContact.h */ = {isa = PBXFileReference; fileEncoding = 4; lastKnownFileType = sourcecode.c.h; name = b2EdgeAndPolygonContact.h; path = ../../../../../src/Box2D_v2.2.1/Box2D/Dynamics/Contacts/b2EdgeAndPolygonContact.h; sourceTree = "<group>"; };
		973E2770167D58FA00BB141A /* b2EdgeShape.h */ = {isa = PBXFileReference; fileEncoding = 4; lastKnownFileType = sourcecode.c.h; name = b2EdgeShape.h; path = ../../../../../src/Box2D_v2.2.1/Box2D/Collision/Shapes/b2EdgeShape.h; sourceTree = "<group>"; };
		973E2771167D58FA00BB141A /* b2Fixture.h */ = {isa = PBXFileReference; fileEncoding = 4; lastKnownFileType = sourcecode.c.h; name = b2Fixture.h; path = ../../../../../src/Box2D_v2.2.1/Box2D/Dynamics/b2Fixture.h; sourceTree = "<group>"; };
		973E2772167D58FA00BB141A /* b2FrictionJoint.h */ = {isa = PBXFileReference; fileEncoding = 4; lastKnownFileType = sourcecode.c.h; name = b2FrictionJoint.h; path = ../../../../../src/Box2D_v2.2.1/Box2D/Dynamics/Joints/b2FrictionJoint.h; sourceTree = "<group>"; };
		973E2773167D58FA00BB141A /* b2GearJoint.h */ = {isa = PBXFileReference; fileEncoding = 4; lastKnownFileType = sourcecode.c.h; name = b2GearJoint.h; path = ../../../../../src/Box2D_v2.2.1/Box2D/Dynamics/Joints/b2GearJoint.h; sourceTree = "<group>"; };
		973E2774167D58FA00BB141A /* b2GrowableStack.h */ = {isa = PBXFileReference; fileEncoding = 4; lastKnownFileType = sourcecode.c.h; name = b2GrowableStack.h; path = ../../../../../src/Box2D_v2.2.1/Box2D/Common/b2GrowableStack.h; sourceTree = "<group>"; };
		973E2775167D58FA00BB141A /* b2Island.h */ = {isa = PBXFileReference; fileEncoding = 4; lastKnownFileType = sourcecode.c.h; name = b2Island.h; path = ../../../../../src/Box2D_v2.2.1/Box2D/Dynamics/b2Island.h; sourceTree = "<group>"; };
		973E2776167D58FA00BB141A /* b2Joint.h */ = {isa = PBXFileReference; fileEncoding = 4; lastKnownFileType = sourcecode.c.h; name = b2Joint.h; path = ../../../../../src/Box2D_v2.2.1/Box2D/Dynamics/Joints/b2Joint.h; sourceTree = "<group>"; };
		973E2777167D58FA00BB141A /* b2Math.h */ = {isa = PBXFileReference; fileEncoding = 4; lastKnownFileType = sourcecode.c.h; name = b2Math.h; path = ../../../../../src/Box2D_v2.2.1/Box2D/Common/b2Math.h; sourceTree = "<group>"; };
		973E2778167D58FA00BB141A /* b2MouseJoint.h */ = {isa = PBXFileReference; fileEncoding = 4; lastKnownFileType = sourcecode.c.h; name = b2MouseJoint.h; path = ../../../../../src/Box2D_v2.2.1/Box2D/Dynamics/Joints/b2MouseJoint.h; sourceTree = "<group>"; };
		973E2779167D58FA00BB141A /* b2PolygonAndCircleContact.h */ = {isa = PBXFileReference; fileEncoding = 4; lastKnownFileType = sourcecode.c.h; name = b2PolygonAndCircleContact.h; path = ../../../../../src/Box2D_v2.2.1/Box2D/Dynamics/Contacts/b2PolygonAndCircleContact.h; sourceTree = "<group>"; };
		973E277A167D58FA00BB141A /* b2PolygonContact.h */ = {isa = PBXFileReference; fileEncoding = 4; lastKnownFileType = sourcecode.c.h; name = b2PolygonContact.h; path = ../../../../../src/Box2D_v2.2.1/Box2D/Dynamics/Contacts/b2PolygonContact.h; sourceTree = "<group>"; };
		973E277B167D58FA00BB141A /* b2PolygonShape.h */ = {isa = PBXFileReference; fileEncoding = 4; lastKnownFileType = sourcecode.c.h; name = b2PolygonShape.h; path = ../../../../../src/Box2D_v2.2.1/Box2D/Collision/Shapes/b2PolygonShape.h; sourceTree = "<group>"; };
		973E277C167D58FA00BB141A /* b2PrismaticJoint.h */ = {isa = PBXFileReference; fileEncoding = 4; lastKnownFileType = sourcecode.c.h; name = b2PrismaticJoint.h; path = ../../../../../src/Box2D_v2.2.1/Box2D/Dynamics/Joints/b2PrismaticJoint.h; sourceTree = "<group>"; };
		973E277D167D58FA00BB141A /* b2PulleyJoint.h */ = {isa = PBXFileReference; fileEncoding = 4; lastKnownFileType = sourcecode.c.h; name = b2PulleyJoint.h; path = ../../../../../src/Box2D_v2.2.1/Box2D/Dynamics/Joints/b2PulleyJoint.h; sourceTree = "<group>"; };
		973E277E167D58FA00BB141A /* b2RevoluteJoint.h */ = {isa = PBXFileReference; fileEncoding = 4; lastKnownFileType = sourcecode.c.h; name = b2RevoluteJoint.h; path = ../../../../../src/Box2D_v2.2.1/Box2D/Dynamics/Joints/b2RevoluteJoint.h; sourceTree = "<group>"; };
		973E277F167D58FA00BB141A /* b2Rope.h */ = {isa = PBXFileReference; fileEncoding = 4; lastKnownFileType = sourcecode.c.h; name = b2Rope.h; path = ../../../../../src/Box2D_v2.2.1/Box2D/Rope/b2Rope.h; sourceTree = "<group>"; };
		973E2780167D58FA00BB141A /* b2RopeJoint.h */ = {isa = PBXFileReference; fileEncoding = 4; lastKnownFileType = sourcecode.c.h; name = b2RopeJoint.h; path = ../../../../../src/Box2D_v2.2.1/Box2D/Dynamics/Joints/b2RopeJoint.h; sourceTree = "<group>"; };
		973E2781167D58FA00BB141A /* b2Settings.h */ = {isa = PBXFileReference; fileEncoding = 4; lastKnownFileType = sourcecode.c.h; name = b2Settings.h; path = ../../../../../src/Box2D_v2.2.1/Box2D/Common/b2Settings.h; sourceTree = "<group>"; };
		973E2782167D58FA00BB141A /* b2Shape.h */ = {isa = PBXFileReference; fileEncoding = 4; lastKnownFileType = sourcecode.c.h; name = b2Shape.h; path = ../../../../../src/Box2D_v2.2.1/Box2D/Collision/Shapes/b2Shape.h; sourceTree = "<group>"; };
		973E2783167D58FA00BB141A /* b2StackAllocator.h */ = {isa = PBXFileReference; fileEncoding = 4; lastKnownFileType = sourcecode.c.h; name = b2StackAllocator.h; path = ../../../../../src/Box2D_v2.2.1/Box2D/Common/b2StackAllocator.h; sourceTree = "<group>"; };
		973E2784167D58FA00BB141A /* b2TimeOfImpact.h */ = {isa = PBXFileReference; fileEncoding = 4; lastKnownFileType = sourcecode.c.h; name = b2TimeOfImpact.h; path = ../../../../../src/Box2D_v2.2.1/Box2D/Collision/b2TimeOfImpact.h; sourceTree = "<group>"; };
		973E2785167D58FA00BB141A /* b2Timer.h */ = {isa = PBXFileReference; fileEncoding = 4; lastKnownFileType = sourcecode.c.h; name = b2Timer.h; path = ../../../../../src/Box2D_v2.2.1/Box2D/Common/b2Timer.h; sourceTree = "<group>"; };
		973E2786167D58FA00BB141A /* b2TimeStep.h */ = {isa = PBXFileReference; fileEncoding = 4; lastKnownFileType = sourcecode.c.h; name = b2TimeStep.h; path = ../../../../../src/Box2D_v2.2.1/Box2D/Dynamics/b2TimeStep.h; sourceTree = "<group>"; };
		973E2787167D58FA00BB141A /* b2WeldJoint.h */ = {isa = PBXFileReference; fileEncoding = 4; lastKnownFileType = sourcecode.c.h; name = b2WeldJoint.h; path = ../../../../../src/Box2D_v2.2.1/Box2D/Dynamics/Joints/b2WeldJoint.h; sourceTree = "<group>"; };
		973E2788167D58FA00BB141A /* b2WheelJoint.h */ = {isa = PBXFileReference; fileEncoding = 4; lastKnownFileType = sourcecode.c.h; name = b2WheelJoint.h; path = ../../../../../src/Box2D_v2.2.1/Box2D/Dynamics/Joints/b2WheelJoint.h; sourceTree = "<group>"; };
		973E2789167D58FA00BB141A /* b2World.h */ = {isa = PBXFileReference; fileEncoding = 4; lastKnownFileType = sourcecode.c.h; name = b2World.h; path = ../../../../../src/Box2D_v2.2.1/Box2D/Dynamics/b2World.h; sourceTree = "<group>"; };
		973E278A167D58FA00BB141A /* b2WorldCallbacks.h */ = {isa = PBXFileReference; fileEncoding = 4; lastKnownFileType = sourcecode.c.h; name = b2WorldCallbacks.h; path = ../../../../../src/Box2D_v2.2.1/Box2D/Dynamics/b2WorldCallbacks.h; sourceTree = "<group>"; };
		973E278B167D58FA00BB141A /* Box2D.h */ = {isa = PBXFileReference; fileEncoding = 4; lastKnownFileType = sourcecode.c.h; name = Box2D.h; path = ../../../../../src/Box2D_v2.2.1/Box2D/Box2D.h; sourceTree = "<group>"; };
		97DDD419167D599A00454B65 /* b2BlockAllocator.cpp */ = {isa = PBXFileReference; fileEncoding = 4; lastKnownFileType = sourcecode.cpp.cpp; name = b2BlockAllocator.cpp; path = ../../../../../src/Box2D_v2.2.1/Box2D/Common/b2BlockAllocator.cpp; sourceTree = "<group>"; };
		97DDD41A167D599A00454B65 /* b2Body.cpp */ = {isa = PBXFileReference; fileEncoding = 4; lastKnownFileType = sourcecode.cpp.cpp; name = b2Body.cpp; path = ../../../../../src/Box2D_v2.2.1/Box2D/Dynamics/b2Body.cpp; sourceTree = "<group>"; };
		97DDD41B167D599A00454B65 /* b2BroadPhase.cpp */ = {isa = PBXFileReference; fileEncoding = 4; lastKnownFileType = sourcecode.cpp.cpp; name = b2BroadPhase.cpp; path = ../../../../../src/Box2D_v2.2.1/Box2D/Collision/b2BroadPhase.cpp; sourceTree = "<group>"; };
		97DDD41C167D599A00454B65 /* b2ChainAndCircleContact.cpp */ = {isa = PBXFileReference; fileEncoding = 4; lastKnownFileType = sourcecode.cpp.cpp; name = b2ChainAndCircleContact.cpp; path = ../../../../../src/Box2D_v2.2.1/Box2D/Dynamics/Contacts/b2ChainAndCircleContact.cpp; sourceTree = "<group>"; };
		97DDD41D167D599A00454B65 /* b2ChainAndPolygonContact.cpp */ = {isa = PBXFileReference; fileEncoding = 4; lastKnownFileType = sourcecode.cpp.cpp; name = b2ChainAndPolygonContact.cpp; path = ../../../../../src/Box2D_v2.2.1/Box2D/Dynamics/Contacts/b2ChainAndPolygonContact.cpp; sourceTree = "<group>"; };
		97DDD41E167D599A00454B65 /* b2ChainShape.cpp */ = {isa = PBXFileReference; fileEncoding = 4; lastKnownFileType = sourcecode.cpp.cpp; name = b2ChainShape.cpp; path = ../../../../../src/Box2D_v2.2.1/Box2D/Collision/Shapes/b2ChainShape.cpp; sourceTree = "<group>"; };
		97DDD41F167D599A00454B65 /* b2CircleContact.cpp */ = {isa = PBXFileReference; fileEncoding = 4; lastKnownFileType = sourcecode.cpp.cpp; name = b2CircleContact.cpp; path = ../../../../../src/Box2D_v2.2.1/Box2D/Dynamics/Contacts/b2CircleContact.cpp; sourceTree = "<group>"; };
		97DDD420167D599A00454B65 /* b2CircleShape.cpp */ = {isa = PBXFileReference; fileEncoding = 4; lastKnownFileType = sourcecode.cpp.cpp; name = b2CircleShape.cpp; path = ../../../../../src/Box2D_v2.2.1/Box2D/Collision/Shapes/b2CircleShape.cpp; sourceTree = "<group>"; };
		97DDD421167D599A00454B65 /* b2CollideCircle.cpp */ = {isa = PBXFileReference; fileEncoding = 4; lastKnownFileType = sourcecode.cpp.cpp; name = b2CollideCircle.cpp; path = ../../../../../src/Box2D_v2.2.1/Box2D/Collision/b2CollideCircle.cpp; sourceTree = "<group>"; };
		97DDD422167D599A00454B65 /* b2CollideEdge.cpp */ = {isa = PBXFileReference; fileEncoding = 4; lastKnownFileType = sourcecode.cpp.cpp; name = b2CollideEdge.cpp; path = ../../../../../src/Box2D_v2.2.1/Box2D/Collision/b2CollideEdge.cpp; sourceTree = "<group>"; };
		97DDD423167D599A00454B65 /* b2CollidePolygon.cpp */ = {isa = PBXFileReference; fileEncoding = 4; lastKnownFileType = sourcecode.cpp.cpp; name = b2CollidePolygon.cpp; path = ../../../../../src/Box2D_v2.2.1/Box2D/Collision/b2CollidePolygon.cpp; sourceTree = "<group>"; };
		97DDD424167D599A00454B65 /* b2Collision.cpp */ = {isa = PBXFileReference; fileEncoding = 4; lastKnownFileType = sourcecode.cpp.cpp; name = b2Collision.cpp; path = ../../../../../src/Box2D_v2.2.1/Box2D/Collision/b2Collision.cpp; sourceTree = "<group>"; };
		97DDD425167D599A00454B65 /* b2Contact.cpp */ = {isa = PBXFileReference; fileEncoding = 4; lastKnownFileType = sourcecode.cpp.cpp; name = b2Contact.cpp; path = ../../../../../src/Box2D_v2.2.1/Box2D/Dynamics/Contacts/b2Contact.cpp; sourceTree = "<group>"; };
		97DDD426167D599A00454B65 /* b2ContactManager.cpp */ = {isa = PBXFileReference; fileEncoding = 4; lastKnownFileType = sourcecode.cpp.cpp; name = b2ContactManager.cpp; path = ../../../../../src/Box2D_v2.2.1/Box2D/Dynamics/b2ContactManager.cpp; sourceTree = "<group>"; };
		97DDD427167D599A00454B65 /* b2ContactSolver.cpp */ = {isa = PBXFileReference; fileEncoding = 4; lastKnownFileType = sourcecode.cpp.cpp; name = b2ContactSolver.cpp; path = ../../../../../src/Box2D_v2.2.1/Box2D/Dynamics/Contacts/b2ContactSolver.cpp; sourceTree = "<group>"; };
		97DDD428167D599A00454B65 /* b2Distance.cpp */ = {isa = PBXFileReference; fileEncoding = 4; lastKnownFileType = sourcecode.cpp.cpp; name = b2Distance.cpp; path = ../../../../../src/Box2D_v2.2.1/Box2D/Collision/b2Distance.cpp; sourceTree = "<group>"; };
		97DDD429167D599A00454B65 /* b2DistanceJoint.cpp */ = {isa = PBXFileReference; fileEncoding = 4; lastKnownFileType = sourcecode.cpp.cpp; name = b2DistanceJoint.cpp; path = ../../../../../src/Box2D_v2.2.1/Box2D/Dynamics/Joints/b2DistanceJoint.cpp; sourceTree = "<group>"; };
		97DDD42A167D599A00454B65 /* b2Draw.cpp */ = {isa = PBXFileReference; fileEncoding = 4; lastKnownFileType = sourcecode.cpp.cpp; name = b2Draw.cpp; path = ../../../../../src/Box2D_v2.2.1/Box2D/Common/b2Draw.cpp; sourceTree = "<group>"; };
		97DDD42B167D599A00454B65 /* b2DynamicTree.cpp */ = {isa = PBXFileReference; fileEncoding = 4; lastKnownFileType = sourcecode.cpp.cpp; name = b2DynamicTree.cpp; path = ../../../../../src/Box2D_v2.2.1/Box2D/Collision/b2DynamicTree.cpp; sourceTree = "<group>"; };
		97DDD42C167D599A00454B65 /* b2EdgeAndCircleContact.cpp */ = {isa = PBXFileReference; fileEncoding = 4; lastKnownFileType = sourcecode.cpp.cpp; name = b2EdgeAndCircleContact.cpp; path = ../../../../../src/Box2D_v2.2.1/Box2D/Dynamics/Contacts/b2EdgeAndCircleContact.cpp; sourceTree = "<group>"; };
		97DDD42D167D599A00454B65 /* b2EdgeAndPolygonContact.cpp */ = {isa = PBXFileReference; fileEncoding = 4; lastKnownFileType = sourcecode.cpp.cpp; name = b2EdgeAndPolygonContact.cpp; path = ../../../../../src/Box2D_v2.2.1/Box2D/Dynamics/Contacts/b2EdgeAndPolygonContact.cpp; sourceTree = "<group>"; };
		97DDD42E167D599A00454B65 /* b2EdgeShape.cpp */ = {isa = PBXFileReference; fileEncoding = 4; lastKnownFileType = sourcecode.cpp.cpp; name = b2EdgeShape.cpp; path = ../../../../../src/Box2D_v2.2.1/Box2D/Collision/Shapes/b2EdgeShape.cpp; sourceTree = "<group>"; };
		97DDD42F167D599A00454B65 /* b2Fixture.cpp */ = {isa = PBXFileReference; fileEncoding = 4; lastKnownFileType = sourcecode.cpp.cpp; name = b2Fixture.cpp; path = ../../../../../src/Box2D_v2.2.1/Box2D/Dynamics/b2Fixture.cpp; sourceTree = "<group>"; };
		97DDD430167D599A00454B65 /* b2FrictionJoint.cpp */ = {isa = PBXFileReference; fileEncoding = 4; lastKnownFileType = sourcecode.cpp.cpp; name = b2FrictionJoint.cpp; path = ../../../../../src/Box2D_v2.2.1/Box2D/Dynamics/Joints/b2FrictionJoint.cpp; sourceTree = "<group>"; };
		97DDD431167D599A00454B65 /* b2GearJoint.cpp */ = {isa = PBXFileReference; fileEncoding = 4; lastKnownFileType = sourcecode.cpp.cpp; name = b2GearJoint.cpp; path = ../../../../../src/Box2D_v2.2.1/Box2D/Dynamics/Joints/b2GearJoint.cpp; sourceTree = "<group>"; };
		97DDD432167D599A00454B65 /* b2Island.cpp */ = {isa = PBXFileReference; fileEncoding = 4; lastKnownFileType = sourcecode.cpp.cpp; name = b2Island.cpp; path = ../../../../../src/Box2D_v2.2.1/Box2D/Dynamics/b2Island.cpp; sourceTree = "<group>"; };
		97DDD433167D599A00454B65 /* b2Joint.cpp */ = {isa = PBXFileReference; fileEncoding = 4; lastKnownFileType = sourcecode.cpp.cpp; name = b2Joint.cpp; path = ../../../../../src/Box2D_v2.2.1/Box2D/Dynamics/Joints/b2Joint.cpp; sourceTree = "<group>"; };
		97DDD434167D599A00454B65 /* b2Math.cpp */ = {isa = PBXFileReference; fileEncoding = 4; lastKnownFileType = sourcecode.cpp.cpp; name = b2Math.cpp; path = ../../../../../src/Box2D_v2.2.1/Box2D/Common/b2Math.cpp; sourceTree = "<group>"; };
		97DDD435167D599A00454B65 /* b2MouseJoint.cpp */ = {isa = PBXFileReference; fileEncoding = 4; lastKnownFileType = sourcecode.cpp.cpp; name = b2MouseJoint.cpp; path = ../../../../../src/Box2D_v2.2.1/Box2D/Dynamics/Joints/b2MouseJoint.cpp; sourceTree = "<group>"; };
		97DDD436167D599A00454B65 /* b2PolygonAndCircleContact.cpp */ = {isa = PBXFileReference; fileEncoding = 4; lastKnownFileType = sourcecode.cpp.cpp; name = b2PolygonAndCircleContact.cpp; path = ../../../../../src/Box2D_v2.2.1/Box2D/Dynamics/Contacts/b2PolygonAndCircleContact.cpp; sourceTree = "<group>"; };
		97DDD437167D599A00454B65 /* b2PolygonContact.cpp */ = {isa = PBXFileReference; fileEncoding = 4; lastKnownFileType = sourcecode.cpp.cpp; name = b2PolygonContact.cpp; path = ../../../../../src/Box2D_v2.2.1/Box2D/Dynamics/Contacts/b2PolygonContact.cpp; sourceTree = "<group>"; };
		97DDD438167D599A00454B65 /* b2PolygonShape.cpp */ = {isa = PBXFileReference; fileEncoding = 4; lastKnownFileType = sourcecode.cpp.cpp; name = b2PolygonShape.cpp; path = ../../../../../src/Box2D_v2.2.1/Box2D/Collision/Shapes/b2PolygonShape.cpp; sourceTree = "<group>"; };
		97DDD439167D599A00454B65 /* b2PrismaticJoint.cpp */ = {isa = PBXFileReference; fileEncoding = 4; lastKnownFileType = sourcecode.cpp.cpp; name = b2PrismaticJoint.cpp; path = ../../../../../src/Box2D_v2.2.1/Box2D/Dynamics/Joints/b2PrismaticJoint.cpp; sourceTree = "<group>"; };
		97DDD43A167D599A00454B65 /* b2PulleyJoint.cpp */ = {isa = PBXFileReference; fileEncoding = 4; lastKnownFileType = sourcecode.cpp.cpp; name = b2PulleyJoint.cpp; path = ../../../../../src/Box2D_v2.2.1/Box2D/Dynamics/Joints/b2PulleyJoint.cpp; sourceTree = "<group>"; };
		97DDD43B167D599A00454B65 /* b2RevoluteJoint.cpp */ = {isa = PBXFileReference; fileEncoding = 4; lastKnownFileType = sourcecode.cpp.cpp; name = b2RevoluteJoint.cpp; path = ../../../../../src/Box2D_v2.2.1/Box2D/Dynamics/Joints/b2RevoluteJoint.cpp; sourceTree = "<group>"; };
		97DDD43C167D599A00454B65 /* b2Rope.cpp */ = {isa = PBXFileReference; fileEncoding = 4; lastKnownFileType = sourcecode.cpp.cpp; name = b2Rope.cpp; path = ../../../../../src/Box2D_v2.2.1/Box2D/Rope/b2Rope.cpp; sourceTree = "<group>"; };
		97DDD43D167D599A00454B65 /* b2RopeJoint.cpp */ = {isa = PBXFileReference; fileEncoding = 4; lastKnownFileType = sourcecode.cpp.cpp; name = b2RopeJoint.cpp; path = ../../../../../src/Box2D_v2.2.1/Box2D/Dynamics/Joints/b2RopeJoint.cpp; sourceTree = "<group>"; };
		97DDD43E167D599A00454B65 /* b2Settings.cpp */ = {isa = PBXFileReference; fileEncoding = 4; lastKnownFileType = sourcecode.cpp.cpp; name = b2Settings.cpp; path = ../../../../../src/Box2D_v2.2.1/Box2D/Common/b2Settings.cpp; sourceTree = "<group>"; };
		97DDD43F167D599A00454B65 /* b2StackAllocator.cpp */ = {isa = PBXFileReference; fileEncoding = 4; lastKnownFileType = sourcecode.cpp.cpp; name = b2StackAllocator.cpp; path = ../../../../../src/Box2D_v2.2.1/Box2D/Common/b2StackAllocator.cpp; sourceTree = "<group>"; };
		97DDD440167D599A00454B65 /* b2TimeOfImpact.cpp */ = {isa = PBXFileReference; fileEncoding = 4; lastKnownFileType = sourcecode.cpp.cpp; name = b2TimeOfImpact.cpp; path = ../../../../../src/Box2D_v2.2.1/Box2D/Collision/b2TimeOfImpact.cpp; sourceTree = "<group>"; };
		97DDD441167D599A00454B65 /* b2Timer.cpp */ = {isa = PBXFileReference; fileEncoding = 4; lastKnownFileType = sourcecode.cpp.cpp; name = b2Timer.cpp; path = ../../../../../src/Box2D_v2.2.1/Box2D/Common/b2Timer.cpp; sourceTree = "<group>"; };
		97DDD442167D599A00454B65 /* b2WeldJoint.cpp */ = {isa = PBXFileReference; fileEncoding = 4; lastKnownFileType = sourcecode.cpp.cpp; name = b2WeldJoint.cpp; path = ../../../../../src/Box2D_v2.2.1/Box2D/Dynamics/Joints/b2WeldJoint.cpp; sourceTree = "<group>"; };
		97DDD443167D599A00454B65 /* b2WheelJoint.cpp */ = {isa = PBXFileReference; fileEncoding = 4; lastKnownFileType = sourcecode.cpp.cpp; name = b2WheelJoint.cpp; path = ../../../../../src/Box2D_v2.2.1/Box2D/Dynamics/Joints/b2WheelJoint.cpp; sourceTree = "<group>"; };
		97DDD444167D599A00454B65 /* b2World.cpp */ = {isa = PBXFileReference; fileEncoding = 4; lastKnownFileType = sourcecode.cpp.cpp; name = b2World.cpp; path = ../../../../../src/Box2D_v2.2.1/Box2D/Dynamics/b2World.cpp; sourceTree = "<group>"; };
		97DDD445167D599A00454B65 /* b2WorldCallbacks.cpp */ = {isa = PBXFileReference; fileEncoding = 4; lastKnownFileType = sourcecode.cpp.cpp; name = b2WorldCallbacks.cpp; path = ../../../../../src/Box2D_v2.2.1/Box2D/Dynamics/b2WorldCallbacks.cpp; sourceTree = "<group>"; };
		97DDD474167D5AEB00454B65 /* Box2D */ = {isa = PBXFileReference; lastKnownFileType = folder; name = Box2D; path = ../../../../src/Box2D_v2.2.1/Box2D; sourceTree = "<group>"; };
/* End PBXFileReference section */

/* Begin PBXFrameworksBuildPhase section */
		973E25E8167D0D4000BB141A /* Frameworks */ = {
			isa = PBXFrameworksBuildPhase;
			buildActionMask = 2147483647;
			files = (
				973E25EF167D0D4000BB141A /* Foundation.framework in Frameworks */,
			);
			runOnlyForDeploymentPostprocessing = 0;
		};
/* End PBXFrameworksBuildPhase section */

/* Begin PBXGroup section */
		973E25E0167D0D4000BB141A = {
			isa = PBXGroup;
			children = (
				973E25F0167D0D4000BB141A /* Box2D */,
				97DDD474167D5AEB00454B65 /* Box2D */,
				973E25ED167D0D4000BB141A /* Frameworks */,
				973E25EC167D0D4000BB141A /* Products */,
			);
			sourceTree = "<group>";
		};
		973E25EC167D0D4000BB141A /* Products */ = {
			isa = PBXGroup;
			children = (
				973E25EB167D0D4000BB141A /* Box2D_Debug.a */,
			);
			name = Products;
			sourceTree = "<group>";
		};
		973E25ED167D0D4000BB141A /* Frameworks */ = {
			isa = PBXGroup;
			children = (
				973E25EE167D0D4000BB141A /* Foundation.framework */,
			);
			name = Frameworks;
			sourceTree = "<group>";
		};
		973E25F0167D0D4000BB141A /* Box2D */ = {
			isa = PBXGroup;
			children = (
				973E278C167D591000BB141A /* Header Files */,
				973E278D167D592900BB141A /* Source Files */,
			);
			path = Box2D;
			sourceTree = "<group>";
		};
		973E278C167D591000BB141A /* Header Files */ = {
			isa = PBXGroup;
			children = (
				973E275E167D58FA00BB141A /* b2BlockAllocator.h */,
				973E275F167D58FA00BB141A /* b2Body.h */,
				973E2760167D58FA00BB141A /* b2BroadPhase.h */,
				973E2761167D58FA00BB141A /* b2ChainAndCircleContact.h */,
				973E2762167D58FA00BB141A /* b2ChainAndPolygonContact.h */,
				973E2763167D58FA00BB141A /* b2ChainShape.h */,
				973E2764167D58FA00BB141A /* b2CircleContact.h */,
				973E2765167D58FA00BB141A /* b2CircleShape.h */,
				973E2766167D58FA00BB141A /* b2Collision.h */,
				973E2767167D58FA00BB141A /* b2Contact.h */,
				973E2768167D58FA00BB141A /* b2ContactManager.h */,
				973E2769167D58FA00BB141A /* b2ContactSolver.h */,
				973E276A167D58FA00BB141A /* b2Distance.h */,
				973E276B167D58FA00BB141A /* b2DistanceJoint.h */,
				973E276C167D58FA00BB141A /* b2Draw.h */,
				973E276D167D58FA00BB141A /* b2DynamicTree.h */,
				973E276E167D58FA00BB141A /* b2EdgeAndCircleContact.h */,
				973E276F167D58FA00BB141A /* b2EdgeAndPolygonContact.h */,
				973E2770167D58FA00BB141A /* b2EdgeShape.h */,
				973E2771167D58FA00BB141A /* b2Fixture.h */,
				973E2772167D58FA00BB141A /* b2FrictionJoint.h */,
				973E2773167D58FA00BB141A /* b2GearJoint.h */,
				973E2774167D58FA00BB141A /* b2GrowableStack.h */,
				973E2775167D58FA00BB141A /* b2Island.h */,
				973E2776167D58FA00BB141A /* b2Joint.h */,
				973E2777167D58FA00BB141A /* b2Math.h */,
				973E2778167D58FA00BB141A /* b2MouseJoint.h */,
				973E2779167D58FA00BB141A /* b2PolygonAndCircleContact.h */,
				973E277A167D58FA00BB141A /* b2PolygonContact.h */,
				973E277B167D58FA00BB141A /* b2PolygonShape.h */,
				973E277C167D58FA00BB141A /* b2PrismaticJoint.h */,
				973E277D167D58FA00BB141A /* b2PulleyJoint.h */,
				973E277E167D58FA00BB141A /* b2RevoluteJoint.h */,
				973E277F167D58FA00BB141A /* b2Rope.h */,
				973E2780167D58FA00BB141A /* b2RopeJoint.h */,
				973E2781167D58FA00BB141A /* b2Settings.h */,
				973E2782167D58FA00BB141A /* b2Shape.h */,
				973E2783167D58FA00BB141A /* b2StackAllocator.h */,
				973E2784167D58FA00BB141A /* b2TimeOfImpact.h */,
				973E2785167D58FA00BB141A /* b2Timer.h */,
				973E2786167D58FA00BB141A /* b2TimeStep.h */,
				973E2787167D58FA00BB141A /* b2WeldJoint.h */,
				973E2788167D58FA00BB141A /* b2WheelJoint.h */,
				973E2789167D58FA00BB141A /* b2World.h */,
				973E278A167D58FA00BB141A /* b2WorldCallbacks.h */,
				973E278B167D58FA00BB141A /* Box2D.h */,
			);
			name = "Header Files";
			sourceTree = "<group>";
		};
		973E278D167D592900BB141A /* Source Files */ = {
			isa = PBXGroup;
			children = (
				97DDD419167D599A00454B65 /* b2BlockAllocator.cpp */,
				97DDD41A167D599A00454B65 /* b2Body.cpp */,
				97DDD41B167D599A00454B65 /* b2BroadPhase.cpp */,
				97DDD41C167D599A00454B65 /* b2ChainAndCircleContact.cpp */,
				97DDD41D167D599A00454B65 /* b2ChainAndPolygonContact.cpp */,
				97DDD41E167D599A00454B65 /* b2ChainShape.cpp */,
				97DDD41F167D599A00454B65 /* b2CircleContact.cpp */,
				97DDD420167D599A00454B65 /* b2CircleShape.cpp */,
				97DDD421167D599A00454B65 /* b2CollideCircle.cpp */,
				97DDD422167D599A00454B65 /* b2CollideEdge.cpp */,
				97DDD423167D599A00454B65 /* b2CollidePolygon.cpp */,
				97DDD424167D599A00454B65 /* b2Collision.cpp */,
				97DDD425167D599A00454B65 /* b2Contact.cpp */,
				97DDD426167D599A00454B65 /* b2ContactManager.cpp */,
				97DDD427167D599A00454B65 /* b2ContactSolver.cpp */,
				97DDD428167D599A00454B65 /* b2Distance.cpp */,
				97DDD429167D599A00454B65 /* b2DistanceJoint.cpp */,
				97DDD42A167D599A00454B65 /* b2Draw.cpp */,
				97DDD42B167D599A00454B65 /* b2DynamicTree.cpp */,
				97DDD42C167D599A00454B65 /* b2EdgeAndCircleContact.cpp */,
				97DDD42D167D599A00454B65 /* b2EdgeAndPolygonContact.cpp */,
				97DDD42E167D599A00454B65 /* b2EdgeShape.cpp */,
				97DDD42F167D599A00454B65 /* b2Fixture.cpp */,
				97DDD430167D599A00454B65 /* b2FrictionJoint.cpp */,
				97DDD431167D599A00454B65 /* b2GearJoint.cpp */,
				97DDD432167D599A00454B65 /* b2Island.cpp */,
				97DDD433167D599A00454B65 /* b2Joint.cpp */,
				97DDD434167D599A00454B65 /* b2Math.cpp */,
				97DDD435167D599A00454B65 /* b2MouseJoint.cpp */,
				97DDD436167D599A00454B65 /* b2PolygonAndCircleContact.cpp */,
				97DDD437167D599A00454B65 /* b2PolygonContact.cpp */,
				97DDD438167D599A00454B65 /* b2PolygonShape.cpp */,
				97DDD439167D599A00454B65 /* b2PrismaticJoint.cpp */,
				97DDD43A167D599A00454B65 /* b2PulleyJoint.cpp */,
				97DDD43B167D599A00454B65 /* b2RevoluteJoint.cpp */,
				97DDD43C167D599A00454B65 /* b2Rope.cpp */,
				97DDD43D167D599A00454B65 /* b2RopeJoint.cpp */,
				97DDD43E167D599A00454B65 /* b2Settings.cpp */,
				97DDD43F167D599A00454B65 /* b2StackAllocator.cpp */,
				97DDD440167D599A00454B65 /* b2TimeOfImpact.cpp */,
				97DDD441167D599A00454B65 /* b2Timer.cpp */,
				97DDD442167D599A00454B65 /* b2WeldJoint.cpp */,
				97DDD443167D599A00454B65 /* b2WheelJoint.cpp */,
				97DDD444167D599A00454B65 /* b2World.cpp */,
				97DDD445167D599A00454B65 /* b2WorldCallbacks.cpp */,
			);
			name = "Source Files";
			sourceTree = "<group>";
		};
/* End PBXGroup section */

/* Begin PBXNativeTarget section */
		973E25EA167D0D4000BB141A /* Box2D */ = {
			isa = PBXNativeTarget;
			buildConfigurationList = 973E25F9167D0D4000BB141A /* Build configuration list for PBXNativeTarget "Box2D" */;
			buildPhases = (
				973E25E7167D0D4000BB141A /* Sources */,
				973E25E8167D0D4000BB141A /* Frameworks */,
				973E25E9167D0D4000BB141A /* CopyFiles */,
				97DDD476167D5FD000454B65 /* ShellScript */,
			);
			buildRules = (
			);
			dependencies = (
			);
			name = Box2D;
			productName = Box2D;
			productReference = 973E25EB167D0D4000BB141A /* Box2D_Debug.a */;
			productType = "com.apple.product-type.library.static";
		};
/* End PBXNativeTarget section */

/* Begin PBXProject section */
		973E25E2167D0D4000BB141A /* Project object */ = {
			isa = PBXProject;
			attributes = {
				LastUpgradeCheck = 0450;
				ORGANIZATIONNAME = "SkopWorks Inc";
			};
			buildConfigurationList = 973E25E5167D0D4000BB141A /* Build configuration list for PBXProject "Box2D" */;
			compatibilityVersion = "Xcode 3.2";
			developmentRegion = English;
			hasScannedForEncodings = 0;
			knownRegions = (
				en,
			);
			mainGroup = 973E25E0167D0D4000BB141A;
			productRefGroup = 973E25EC167D0D4000BB141A /* Products */;
			projectDirPath = "";
			projectRoot = "";
			targets = (
				973E25EA167D0D4000BB141A /* Box2D */,
			);
		};
/* End PBXProject section */

/* Begin PBXShellScriptBuildPhase section */
		97DDD476167D5FD000454B65 /* ShellScript */ = {
			isa = PBXShellScriptBuildPhase;
			buildActionMask = 2147483647;
			files = (
			);
			inputPaths = (
			);
			outputPaths = (
			);
			runOnlyForDeploymentPostprocessing = 0;
			shellPath = /bin/sh;
			shellScript = "rsync -a --include '*/'  --include '*.h*' --include '*.c*' --exclude '*' $TLOC_DEP_PATH/src/Box2D_v2.2.1/ $TLOC_DEP_PATH/include/Box2D";
		};
/* End PBXShellScriptBuildPhase section */

/* Begin PBXSourcesBuildPhase section */
		973E25E7167D0D4000BB141A /* Sources */ = {
			isa = PBXSourcesBuildPhase;
			buildActionMask = 2147483647;
			files = (
				97DDD446167D599A00454B65 /* b2BlockAllocator.cpp in Sources */,
				97DDD447167D599A00454B65 /* b2Body.cpp in Sources */,
				97DDD448167D599A00454B65 /* b2BroadPhase.cpp in Sources */,
				97DDD449167D599A00454B65 /* b2ChainAndCircleContact.cpp in Sources */,
				97DDD44A167D599A00454B65 /* b2ChainAndPolygonContact.cpp in Sources */,
				97DDD44B167D599A00454B65 /* b2ChainShape.cpp in Sources */,
				97DDD44C167D599A00454B65 /* b2CircleContact.cpp in Sources */,
				97DDD44D167D599A00454B65 /* b2CircleShape.cpp in Sources */,
				97DDD44E167D599A00454B65 /* b2CollideCircle.cpp in Sources */,
				97DDD44F167D599A00454B65 /* b2CollideEdge.cpp in Sources */,
				97DDD450167D599A00454B65 /* b2CollidePolygon.cpp in Sources */,
				97DDD451167D599A00454B65 /* b2Collision.cpp in Sources */,
				97DDD452167D599A00454B65 /* b2Contact.cpp in Sources */,
				97DDD453167D599A00454B65 /* b2ContactManager.cpp in Sources */,
				97DDD454167D599A00454B65 /* b2ContactSolver.cpp in Sources */,
				97DDD455167D599A00454B65 /* b2Distance.cpp in Sources */,
				97DDD456167D599A00454B65 /* b2DistanceJoint.cpp in Sources */,
				97DDD457167D599A00454B65 /* b2Draw.cpp in Sources */,
				97DDD458167D599A00454B65 /* b2DynamicTree.cpp in Sources */,
				97DDD459167D599A00454B65 /* b2EdgeAndCircleContact.cpp in Sources */,
				97DDD45A167D599A00454B65 /* b2EdgeAndPolygonContact.cpp in Sources */,
				97DDD45B167D599A00454B65 /* b2EdgeShape.cpp in Sources */,
				97DDD45C167D599A00454B65 /* b2Fixture.cpp in Sources */,
				97DDD45D167D599A00454B65 /* b2FrictionJoint.cpp in Sources */,
				97DDD45E167D599A00454B65 /* b2GearJoint.cpp in Sources */,
				97DDD45F167D599A00454B65 /* b2Island.cpp in Sources */,
				97DDD460167D599A00454B65 /* b2Joint.cpp in Sources */,
				97DDD461167D599A00454B65 /* b2Math.cpp in Sources */,
				97DDD462167D599A00454B65 /* b2MouseJoint.cpp in Sources */,
				97DDD463167D599A00454B65 /* b2PolygonAndCircleContact.cpp in Sources */,
				97DDD464167D599A00454B65 /* b2PolygonContact.cpp in Sources */,
				97DDD465167D599A00454B65 /* b2PolygonShape.cpp in Sources */,
				97DDD466167D599A00454B65 /* b2PrismaticJoint.cpp in Sources */,
				97DDD467167D599A00454B65 /* b2PulleyJoint.cpp in Sources */,
				97DDD468167D599A00454B65 /* b2RevoluteJoint.cpp in Sources */,
				97DDD469167D599A00454B65 /* b2Rope.cpp in Sources */,
				97DDD46A167D599A00454B65 /* b2RopeJoint.cpp in Sources */,
				97DDD46B167D599A00454B65 /* b2Settings.cpp in Sources */,
				97DDD46C167D599A00454B65 /* b2StackAllocator.cpp in Sources */,
				97DDD46D167D599A00454B65 /* b2TimeOfImpact.cpp in Sources */,
				97DDD46E167D599A00454B65 /* b2Timer.cpp in Sources */,
				97DDD46F167D599A00454B65 /* b2WeldJoint.cpp in Sources */,
				97DDD470167D599A00454B65 /* b2WheelJoint.cpp in Sources */,
				97DDD471167D599A00454B65 /* b2World.cpp in Sources */,
				97DDD472167D599A00454B65 /* b2WorldCallbacks.cpp in Sources */,
			);
			runOnlyForDeploymentPostprocessing = 0;
		};
/* End PBXSourcesBuildPhase section */

/* Begin XCBuildConfiguration section */
		973E25F7167D0D4000BB141A /* Debug */ = {
			isa = XCBuildConfiguration;
			buildSettings = {
				ALWAYS_SEARCH_USER_PATHS = YES;
				CLANG_WARN_EMPTY_BODY = YES;
				CLANG_WARN__DUPLICATE_METHOD_MATCH = YES;
				CONFIGURATION_BUILD_DIR = "$(TLOC_DEP_PATH)/lib/Xcode4/$(CONFIGURATION)/$(EFFECTIVE_PLATFORM_NAME)/$(PROJECT_NAME)";
				CONFIGURATION_TEMP_DIR = "$(CONFIGURATION)/$(EFFECTIVE_PLATFORM_NAME)";
				COPY_PHASE_STRIP = NO;
				GCC_DYNAMIC_NO_PIC = NO;
				GCC_ENABLE_CPP_EXCEPTIONS = NO;
				GCC_ENABLE_CPP_RTTI = NO;
				GCC_ENABLE_OBJC_EXCEPTIONS = NO;
				GCC_OPTIMIZATION_LEVEL = 0;
				GCC_PREPROCESSOR_DEFINITIONS = (
					"DEBUG=1",
					"$(inherited)",
				);
				GCC_SYMBOLS_PRIVATE_EXTERN = NO;
				GCC_WARN_ABOUT_RETURN_TYPE = YES;
				GCC_WARN_UNINITIALIZED_AUTOS = YES;
				GCC_WARN_UNUSED_VARIABLE = YES;
				IPHONEOS_DEPLOYMENT_TARGET = 6.0;
				ONLY_ACTIVE_ARCH = YES;
				OTHER_CFLAGS = (
					"-fno-exceptions",
					"-fno-rtti",
				);
				PRODUCT_NAME = "$(PROJECT_NAME)_$(CONFIGURATION)";
				SDKROOT = iphoneos;
				USER_HEADER_SEARCH_PATHS = "$(TLOC_DEP_PATH)/src/Box2D_v2.2.1";
			};
			name = Debug;
		};
		973E25F8167D0D4000BB141A /* Release */ = {
			isa = XCBuildConfiguration;
			buildSettings = {
				ALWAYS_SEARCH_USER_PATHS = YES;
				CLANG_WARN_EMPTY_BODY = YES;
				CLANG_WARN__DUPLICATE_METHOD_MATCH = YES;
				CONFIGURATION_BUILD_DIR = "$(TLOC_DEP_PATH)/lib/Xcode4/$(CONFIGURATION)/$(EFFECTIVE_PLATFORM_NAME)/$(PROJECT_NAME)";
				CONFIGURATION_TEMP_DIR = "$(CONFIGURATION)/$(EFFECTIVE_PLATFORM_NAME)";
				COPY_PHASE_STRIP = YES;
				GCC_ENABLE_CPP_EXCEPTIONS = NO;
				GCC_ENABLE_CPP_RTTI = NO;
				GCC_ENABLE_OBJC_EXCEPTIONS = NO;
				GCC_WARN_ABOUT_RETURN_TYPE = YES;
				GCC_WARN_UNINITIALIZED_AUTOS = YES;
				GCC_WARN_UNUSED_VARIABLE = YES;
				IPHONEOS_DEPLOYMENT_TARGET = 6.0;
				OTHER_CFLAGS = (
					"-fno-exceptions",
					"-fno-rtti",
				);
				PRODUCT_NAME = "$(PROJECT_NAME)_$(CONFIGURATION)";
				SDKROOT = iphoneos;
				USER_HEADER_SEARCH_PATHS = "$(TLOC_DEP_PATH)/src/Box2D_v2.2.1";
				VALIDATE_PRODUCT = YES;
			};
			name = Release;
		};
		973E25FA167D0D4000BB141A /* Debug */ = {
			isa = XCBuildConfiguration;
			buildSettings = {
				DSTROOT = /tmp/Box2D.dst;
				EXECUTABLE_PREFIX = "";
				OTHER_LDFLAGS = "-ObjC";
				SKIP_INSTALL = YES;
			};
			name = Debug;
		};
		973E25FB167D0D4000BB141A /* Release */ = {
			isa = XCBuildConfiguration;
			buildSettings = {
				DSTROOT = /tmp/Box2D.dst;
				EXECUTABLE_PREFIX = "";
				OTHER_LDFLAGS = "-ObjC";
				SKIP_INSTALL = YES;
			};
			name = Release;
		};
/* End XCBuildConfiguration section */

/* Begin XCConfigurationList section */
		973E25E5167D0D4000BB141A /* Build configuration list for PBXProject "Box2D" */ = {
			isa = XCConfigurationList;
			buildConfigurations = (
				973E25F7167D0D4000BB141A /* Debug */,
				973E25F8167D0D4000BB141A /* Release */,
			);
			defaultConfigurationIsVisible = 0;
			defaultConfigurationName = Release;
		};
		973E25F9167D0D4000BB141A /* Build configuration list for PBXNativeTarget "Box2D" */ = {
			isa = XCConfigurationList;
			buildConfigurations = (
				973E25FA167D0D4000BB141A /* Debug */,
				973E25FB167D0D4000BB141A /* Release */,
			);
			defaultConfigurationIsVisible = 0;
			defaultConfigurationName = Release;
		};
/* End XCConfigurationList section */
	};
	rootObject = 973E25E2167D0D4000BB141A /* Project object */;
}
